
Microsoft Visual Studio Solution File, Format Version 12.00
# Visual Studio Version 17
VisualStudioVersion = 17.4.33213.308
MinimumVisualStudioVersion = 10.0.40219.1
Project("{FAE04EC0-301F-11D3-BF4B-00C04F79EFBC}") = "operatorOverloadingCustom", "operatorOverloadingCustom\operatorOverloadingCustom.csproj", "{15FFCFC1-D5EB-4092-B62A-B0F1BFB9EAD7}"
EndProject
Global
	GlobalSection(SolutionConfigurationPlatforms) = preSolution
		Debug|Any CPU = Debug|Any CPU
		Release|Any CPU = Release|Any CPU
	EndGlobalSection
	GlobalSection(ProjectConfigurationPlatforms) = postSolution
		{15FFCFC1-D5EB-4092-B62A-B0F1BFB9EAD7}.Debug|Any CPU.ActiveCfg = Debug|Any CPU
		{15FFCFC1-D5EB-4092-B62A-B0F1BFB9EAD7}.Debug|Any CPU.Build.0 = Debug|Any CPU
		{15FFCFC1-D5EB-4092-B62A-B0F1BFB9EAD7}.Release|Any CPU.ActiveCfg = Release|Any CPU
		{15FFCFC1-D5EB-4092-B62A-B0F1BFB9EAD7}.Release|Any CPU.Build.0 = Release|Any CPU
	EndGlobalSection
	GlobalSection(SolutionProperties) = preSolution
		HideSolutionNode = FALSE
	EndGlobalSection
	GlobalSection(ExtensibilityGlobals) = postSolution
		SolutionGuid = {E78C4A61-3701-44A3-BF2F-B56D91F31F14}
	EndGlobalSection
EndGlobal
